// !$*UTF8*$!
{
	archiveVersion = 1;
	classes = {
	};
	objectVersion = 46;
	objects = {

/* Begin PBXBuildFile section */
		12AD015F1B5DE2BF00078878 /* main.m in Sources */ = {isa = PBXBuildFile; fileRef = 12AD015E1B5DE2BF00078878 /* main.m */; };
		12AD01671B5DE44900078878 /* Car.m in Sources */ = {isa = PBXBuildFile; fileRef = 12AD01661B5DE44900078878 /* Car.m */; };
		12AD01701B5DF9C400078878 /* Toyota.m in Sources */ = {isa = PBXBuildFile; fileRef = 12AD016F1B5DF9C400078878 /* Toyota.m */; };
/* End PBXBuildFile section */

/* Begin PBXCopyFilesBuildPhase section */
		12AD01591B5DE2BF00078878 /* CopyFiles */ = {
			isa = PBXCopyFilesBuildPhase;
			buildActionMask = 2147483647;
			dstPath = /usr/share/man/man1/;
			dstSubfolderSpec = 0;
			files = (
			);
			runOnlyForDeploymentPostprocessing = 1;
		};
/* End PBXCopyFilesBuildPhase section */

/* Begin PBXFileReference section */
		12AD015B1B5DE2BF00078878 /* CarsAssignment */ = {isa = PBXFileReference; explicitFileType = "compiled.mach-o.executable"; includeInIndex = 0; path = CarsAssignment; sourceTree = BUILT_PRODUCTS_DIR; };
		12AD015E1B5DE2BF00078878 /* main.m */ = {isa = PBXFileReference; lastKnownFileType = sourcecode.c.objc; path = main.m; sourceTree = "<group>"; };
		12AD01651B5DE44900078878 /* Car.h */ = {isa = PBXFileReference; fileEncoding = 4; lastKnownFileType = sourcecode.c.h; path = Car.h; sourceTree = "<group>"; };
		12AD01661B5DE44900078878 /* Car.m */ = {isa = PBXFileReference; fileEncoding = 4; lastKnownFileType = sourcecode.c.objc; path = Car.m; sourceTree = "<group>"; };
		12AD016E1B5DF9C400078878 /* Toyota.h */ = {isa = PBXFileReference; fileEncoding = 4; lastKnownFileType = sourcecode.c.h; path = Toyota.h; sourceTree = "<group>"; };
		12AD016F1B5DF9C400078878 /* Toyota.m */ = {isa = PBXFileReference; fileEncoding = 4; lastKnownFileType = sourcecode.c.objc; path = Toyota.m; sourceTree = "<group>"; };
/* End PBXFileReference section */

/* Begin PBXFrameworksBuildPhase section */
		12AD01581B5DE2BF00078878 /* Frameworks */ = {
			isa = PBXFrameworksBuildPhase;
			buildActionMask = 2147483647;
			files = (
			);
			runOnlyForDeploymentPostprocessing = 0;
		};
/* End PBXFrameworksBuildPhase section */

/* Begin PBXGroup section */
		12AD01521B5DE2BF00078878 = {
			isa = PBXGroup;
			children = (
				12AD015D1B5DE2BF00078878 /* CarsAssignment */,
				12AD015C1B5DE2BF00078878 /* Products */,
			);
			sourceTree = "<group>";
		};
		12AD015C1B5DE2BF00078878 /* Products */ = {
			isa = PBXGroup;
			children = (
				12AD015B1B5DE2BF00078878 /* CarsAssignment */,
			);
			name = Products;
			sourceTree = "<group>";
		};
		12AD015D1B5DE2BF00078878 /* CarsAssignment */ = {
			isa = PBXGroup;
			children = (
				12AD015E1B5DE2BF00078878 /* main.m */,
				12AD01651B5DE44900078878 /* Car.h */,
				12AD01661B5DE44900078878 /* Car.m */,
				12AD016E1B5DF9C400078878 /* Toyota.h */,
				12AD016F1B5DF9C400078878 /* Toyota.m */,
			);
			path = CarsAssignment;
			sourceTree = "<group>";
		};
/* End PBXGroup section */

/* Begin PBXNativeTarget section */
		12AD015A1B5DE2BF00078878 /* CarsAssignment */ = {
			isa = PBXNativeTarget;
			buildConfigurationList = 12AD01621B5DE2BF00078878 /* Build configuration list for PBXNativeTarget "CarsAssignment" */;
			buildPhases = (
				12AD01571B5DE2BF00078878 /* Sources */,
				12AD01581B5DE2BF00078878 /* Frameworks */,
				12AD01591B5DE2BF00078878 /* CopyFiles */,
			);
			buildRules = (
			);
			dependencies = (
			);
			name = CarsAssignment;
			productName = CarsAssignment;
			productReference = 12AD015B1B5DE2BF00078878 /* CarsAssignment */;
			productType = "com.apple.product-type.tool";
		};
/* End PBXNativeTarget section */

/* Begin PBXProject section */
		12AD01531B5DE2BF00078878 /* Project object */ = {
			isa = PBXProject;
			attributes = {
				LastUpgradeCheck = 0640;
				ORGANIZATIONNAME = asu;
				TargetAttributes = {
					12AD015A1B5DE2BF00078878 = {
						CreatedOnToolsVersion = 6.4;
					};
				};
			};
			buildConfigurationList = 12AD01561B5DE2BF00078878 /* Build configuration list for PBXProject "CarsAssignment" */;
			compatibilityVersion = "Xcode 3.2";
			developmentRegion = English;
			hasScannedForEncodings = 0;
			knownRegions = (
				en,
			);
			mainGroup = 12AD01521B5DE2BF00078878;
			productRefGroup = 12AD015C1B5DE2BF00078878 /* Products */;
			projectDirPath = "";
			projectRoot = "";
			targets = (
				12AD015A1B5DE2BF00078878 /* CarsAssignment */,
			);
		};
/* End PBXProject section */

/* Begin PBXSourcesBuildPhase section */
		12AD01571B5DE2BF00078878 /* Sources */ = {
			isa = PBXSourcesBuildPhase;
			buildActionMask = 2147483647;
			files = (
				12AD01701B5DF9C400078878 /* Toyota.m in Sources */,
				12AD01671B5DE44900078878 /* Car.m in Sources */,
				12AD015F1B5DE2BF00078878 /* main.m in Sources */,
			);
			runOnlyForDeploymentPostprocessing = 0;
		};
/* End PBXSourcesBuildPhase section */

/* Begin XCBuildConfiguration section */
		12AD01601B5DE2BF00078878 /* Debug */ = {
			isa = XCBuildConfiguration;
			buildSettings = {
				ALWAYS_SEARCH_USER_PATHS = NO;
				CLANG_CXX_LANGUAGE_STANDARD = "gnu++0x";
				CLANG_CXX_LIBRARY = "libc++";
				CLANG_ENABLE_MODULES = YES;
				CLANG_ENABLE_OBJC_ARC = YES;
				CLANG_WARN_BOOL_CONVERSION = YES;
				CLANG_WARN_CONSTANT_CONVERSION = YES;
				CLANG_WARN_DIRECT_OBJC_ISA_USAGE = YES_ERROR;
				CLANG_WARN_EMPTY_BODY = YES;
				CLANG_WARN_ENUM_CONVERSION = YES;
				CLANG_WARN_INT_CONVERSION = YES;
				CLANG_WARN_OBJC_ROOT_CLASS = YES_ERROR;
				CLANG_WARN_UNREACHABLE_CODE = YES;
				CLANG_WARN__DUPLICATE_METHOD_MATCH = YES;
				COPY_PHASE_STRIP = NO;
				DEBUG_INFORMATION_FORMAT = dwarf;
				ENABLE_STRICT_OBJC_MSGSEND = YES;
				GCC_C_LANGUAGE_STANDARD = gnu99;
				GCC_DYNAMIC_NO_PIC = NO;
				GCC_NO_COMMON_BLOCKS = YES;
				GCC_OPTIMIZATION_LEVEL = 0;
				GCC_PREPROCESSOR_DEFINITIONS = (
					"DEBUG=1",
					"$(inherited)",
				);
				GCC_SYMBOLS_PRIVATE_EXTERN = NO;
				GCC_WARN_64_TO_32_BIT_CONVERSION = YES;
				GCC_WARN_ABOUT_RETURN_TYPE = YES_ERROR;
				GCC_WARN_UNDECLARED_SELECTOR = YES;
				GCC_WARN_UNINITIALIZED_AUTOS = YES_AGGRESSIVE;
				GCC_WARN_UNUSED_FUNCTION = YES;
				GCC_WARN_UNUSED_VARIABLE = YES;
				MACOSX_DEPLOYMENT_TARGET = 10.10;
				MTL_ENABLE_DEBUG_INFO = YES;
				ONLY_ACTIVE_ARCH = YES;
				SDKROOT = macosx;
			};
			name = Debug;
		};
		12AD01611B5DE2BF00078878 /* Release */ = {
			isa = XCBuildConfiguration;
			buildSettings = {
				ALWAYS_SEARCH_USER_PATHS = NO;
				CLANG_CXX_LANGUAGE_STANDARD = "gnu++0x";
				CLANG_CXX_LIBRARY = "libc++";
				CLANG_ENABLE_MODULES = YES;
				CLANG_ENABLE_OBJC_ARC = YES;
				CLANG_WARN_BOOL_CONVERSION = YES;
				CLANG_WARN_CONSTANT_CONVERSION = YES;
				CLANG_WARN_DIRECT_OBJC_ISA_USAGE = YES_ERROR;
				CLANG_WARN_EMPTY_BODY = YES;
				CLANG_WARN_ENUM_CONVERSION = YES;
				CLANG_WARN_INT_CONVERSION = YES;
				CLANG_WARN_OBJC_ROOT_CLASS = YES_ERROR;
				CLANG_WARN_UNREACHABLE_CODE = YES;
				CLANG_WARN__DUPLICATE_METHOD_MATCH = YES;
				COPY_PHASE_STRIP = NO;
				DEBUG_INFORMATION_FORMAT = "dwarf-with-dsym";
				ENABLE_NS_ASSERTIONS = NO;
				ENABLE_STRICT_OBJC_MSGSEND = YES;
				GCC_C_LANGUAGE_STANDARD = gnu99;
				GCC_NO_COMMON_BLOCKS = YES;
				GCC_WARN_64_TO_32_BIT_CONVERSION = YES;
				GCC_WARN_ABOUT_RETURN_TYPE = YES_ERROR;
				GCC_WARN_UNDECLARED_SELECTOR = YES;
				GCC_WARN_UNINITIALIZED_AUTOS = YES_AGGRESSIVE;
				GCC_WARN_UNUSED_FUNCTION = YES;
				GCC_WARN_UNUSED_VARIABLE = YES;
				MACOSX_DEPLOYMENT_TARGET = 10.10;
				MTL_ENABLE_DEBUG_INFO = NO;
				SDKROOT = macosx;
			};
			name = Release;
		};
		12AD01631B5DE2BF00078878 /* Debug */ = {
			isa = XCBuildConfiguration;
			buildSettings = {
				PRODUCT_NAME = "$(TARGET_NAME)";
			};
			name = Debug;
		};
		12AD01641B5DE2BF00078878 /* Release */ = {
			isa = XCBuildConfiguration;
			buildSettings = {
				PRODUCT_NAME = "$(TARGET_NAME)";
			};
			name = Release;
		};
/* End XCBuildConfiguration section */

/* Begin XCConfigurationList section */
		12AD01561B5DE2BF00078878 /* Build configuration list for PBXProject "CarsAssignment" */ = {
			isa = XCConfigurationList;
			buildConfigurations = (
				12AD01601B5DE2BF00078878 /* Debug */,
				12AD01611B5DE2BF00078878 /* Release */,
			);
			defaultConfigurationIsVisible = 0;
			defaultConfigurationName = Release;
		};
		12AD01621B5DE2BF00078878 /* Build configuration list for PBXNativeTarget "CarsAssignment" */ = {
			isa = XCConfigurationList;
			buildConfigurations = (
				12AD01631B5DE2BF00078878 /* Debug */,
				12AD01641B5DE2BF00078878 /* Release */,
			);
			defaultConfigurationIsVisible = 0;
			defaultConfigurationName = Release;
		};
/* End XCConfigurationList section */
	};
	rootObject = 12AD01531B5DE2BF00078878 /* Project object */;
}
